# This file is automatically @generated by Poetry 2.1.2 and should not be changed by hand.

[[package]]
name = "bidict"
version = "0.23.1"
description = "The bidirectional mapping library for Python."
optional = false
python-versions = ">=3.8"
groups = ["main"]
files = [
    {file = "bidict-0.23.1-py3-none-any.whl", hash = "sha256:5dae8d4d79b552a71cbabc7deb25dfe8ce710b17ff41711e13010ead2abfc3e5"},
    {file = "bidict-0.23.1.tar.gz", hash = "sha256:03069d763bc387bbd20e7d49914e75fc4132a41937fa3405417e1a5a2d006d71"},
]

[[package]]
name = "defusedxml"
version = "0.7.1"
description = "XML bomb protection for Python stdlib modules"
optional = false
python-versions = ">=2.7, !=3.0.*, !=3.1.*, !=3.2.*, !=3.3.*, !=3.4.*"
groups = ["main"]
files = [
    {file = "defusedxml-0.7.1-py2.py3-none-any.whl", hash = "sha256:a352e7e428770286cc899e2542b6cdaedb2b4953ff269a210103ec58f6198a61"},
    {file = "defusedxml-0.7.1.tar.gz", hash = "sha256:1bb3032db185915b62d7c6209c5a8792be6a32ab2fedacc84e01b52c51aa3e69"},
]

[[package]]
name = "lml"
version = "0.2.0"
description = "Load me later. A lazy plugin management system."
optional = false
python-versions = "*"
groups = ["main"]
files = [
    {file = "lml-0.2.0-py2.py3-none-any.whl", hash = "sha256:20c80728189e46e8d986f5d0cdf6d83c493471fc25b1c31a8cb3fa96e80b58f8"},
    {file = "lml-0.2.0.tar.gz", hash = "sha256:8dd5afb4367a593d1cdb2144a05874cd9938f5266bebb0c9e1413200423c0d74"},
]

[[package]]
name = "odfpy"
version = "1.4.1"
description = "Python API and tools to manipulate OpenDocument files"
optional = false
python-versions = "*"
groups = ["main"]
files = [
    {file = "odfpy-1.4.1.tar.gz", hash = "sha256:db766a6e59c5103212f3cc92ec8dd50a0f3a02790233ed0b52148b70d3c438ec"},
]

[package.dependencies]
defusedxml = "*"

[[package]]
name = "pyexcel"
version = "0.7.3"
description = "A wrapper library that provides one API to read, manipulate and writedata in different excel formats"
optional = false
python-versions = ">=3.6"
groups = ["main"]
files = [
    {file = "pyexcel-0.7.3-py2.py3-none-any.whl", hash = "sha256:394df2445364fa1960fed4a9bb04c62efdff5435026f3d1346f614a94fe5ba7a"},
    {file = "pyexcel-0.7.3.tar.gz", hash = "sha256:57b3c3fb55dd09a62cbbf2ae9f1e78aa11b627c2bfc6072ff2d9587c022b06d4"},
]

[package.dependencies]
lml = ">=0.2.0"
pyexcel-io = ">=0.6.2"
texttable = ">=0.8.2"

[package.extras]
ods = ["pyexcel-ods3 (>=0.6.0)"]
xls = ["pyexcel-xls (>=0.6.0)"]
xlsx = ["pyexcel-xlsx (>=0.6.0)"]

[[package]]
name = "pyexcel-io"
version = "0.6.7"
description = "A python library to read and write structured data in csv, zipped csvformat and to/from databases"
optional = false
python-versions = ">=3.6"
groups = ["main"]
files = [
    {file = "pyexcel_io-0.6.7-py2.py3-none-any.whl", hash = "sha256:add9f3c1489070ab0a3226bab7d23d4b84a364f5b44f3a14e2ce785ede88fcb3"},
    {file = "pyexcel_io-0.6.7.tar.gz", hash = "sha256:2c33d8df505e21a13bed585ac6ab7d30ec826a9f156b758394af5d22359bddb9"},
]

[package.dependencies]
lml = ">=0.0.4"

[package.extras]
extra = ["chardet"]
ods = ["pyexcel-ods3 (>=0.6.0)"]
xls = ["pyexcel-xls (>=0.6.0)"]
xlsx = ["pyexcel-xlsx (>=0.6.0)"]

[[package]]
name = "pyexcel-ods"
version = "0.6.0"
description = "A wrapper library to read, manipulate and write data in ods format"
optional = false
python-versions = ">=3.6"
groups = ["main"]
files = [
    {file = "pyexcel-ods-0.6.0.tar.gz", hash = "sha256:f61b56515fd4ccd4687f0a112422f74ce8535247ad2da49db90038d7e3ed397c"},
    {file = "pyexcel_ods-0.6.0-py2.py3-none-any.whl", hash = "sha256:0a45acd47cf920c38b52d6005088dbdefa285dab379f24115d1d335ddb0ab7ed"},
]

[package.dependencies]
odfpy = ">=1.3.5"
pyexcel-io = ">=0.6.2"

[[package]]
name = "texttable"
version = "1.7.0"
description = "module to create simple ASCII tables"
optional = false
python-versions = "*"
groups = ["main"]
files = [
    {file = "texttable-1.7.0-py2.py3-none-any.whl", hash = "sha256:72227d592c82b3d7f672731ae73e4d1f88cd8e2ef5b075a7a7f01a23a3743917"},
    {file = "texttable-1.7.0.tar.gz", hash = "sha256:2d2068fb55115807d3ac77a4ca68fa48803e84ebb0ee2340f858107a36522638"},
]

[metadata]
lock-version = "2.1"
python-versions = ">=3.13"
content-hash = "bce5b3bd9b027988bd8964a8910c58d38da3c05c3318d5e1352ceab636de2359"
